
Microsoft Visual Studio Solution File, Format Version 12.00
# Visual Studio Version 17
VisualStudioVersion = 17.5.33103.201
MinimumVisualStudioVersion = 10.0.40219.1
Project("{9A19103F-16F7-4668-BE54-9A1E7A4F7556}") = "OctoPrintSharpApi", "OctoPrintSharpApi\OctoPrintSharpApi.csproj", "{FAA9B62D-38C9-4A60-88E0-F40A3B710AE8}"
EndProject
Project("{9A19103F-16F7-4668-BE54-9A1E7A4F7556}") = "OctoPrintSharpApi.NUnitTest", "OctoPrintSharpApi.NUnitTest\OctoPrintSharpApi.NUnitTest.csproj", "{1F6D27D0-1017-4421-8281-0265A627B408}"
EndProject
Project("{9A19103F-16F7-4668-BE54-9A1E7A4F7556}") = "Print3dServer.Core", "..\..\Print3dServer.Core\src\Print3dServer.Core\Print3dServer.Core.csproj", "{C958DC98-E2DD-417A-8DDA-30B69F1E379B}"
EndProject
Global
	GlobalSection(SolutionConfigurationPlatforms) = preSolution
		Debug|Any CPU = Debug|Any CPU
		Release|Any CPU = Release|Any CPU
	EndGlobalSection
	GlobalSection(ProjectConfigurationPlatforms) = postSolution
		{FAA9B62D-38C9-4A60-88E0-F40A3B710AE8}.Debug|Any CPU.ActiveCfg = Debug|Any CPU
		{FAA9B62D-38C9-4A60-88E0-F40A3B710AE8}.Debug|Any CPU.Build.0 = Debug|Any CPU
		{FAA9B62D-38C9-4A60-88E0-F40A3B710AE8}.Release|Any CPU.ActiveCfg = Release|Any CPU
		{FAA9B62D-38C9-4A60-88E0-F40A3B710AE8}.Release|Any CPU.Build.0 = Release|Any CPU
		{1F6D27D0-1017-4421-8281-0265A627B408}.Debug|Any CPU.ActiveCfg = Debug|Any CPU
		{1F6D27D0-1017-4421-8281-0265A627B408}.Debug|Any CPU.Build.0 = Debug|Any CPU
		{1F6D27D0-1017-4421-8281-0265A627B408}.Release|Any CPU.ActiveCfg = Release|Any CPU
		{1F6D27D0-1017-4421-8281-0265A627B408}.Release|Any CPU.Build.0 = Release|Any CPU
		{C958DC98-E2DD-417A-8DDA-30B69F1E379B}.Debug|Any CPU.ActiveCfg = Debug|Any CPU
		{C958DC98-E2DD-417A-8DDA-30B69F1E379B}.Debug|Any CPU.Build.0 = Debug|Any CPU
		{C958DC98-E2DD-417A-8DDA-30B69F1E379B}.Release|Any CPU.ActiveCfg = Release|Any CPU
		{C958DC98-E2DD-417A-8DDA-30B69F1E379B}.Release|Any CPU.Build.0 = Release|Any CPU
	EndGlobalSection
	GlobalSection(SolutionProperties) = preSolution
		HideSolutionNode = FALSE
	EndGlobalSection
	GlobalSection(ExtensibilityGlobals) = postSolution
		SolutionGuid = {DA0C8D50-8B43-4509-8C12-F1BD2F331982}
	EndGlobalSection
EndGlobal
